
Microsoft Visual Studio Solution File, Format Version 12.00
# Visual Studio Version 17
VisualStudioVersion = 17.9.34607.119
MinimumVisualStudioVersion = 10.0.40219.1
Project("{FAE04EC0-301F-11D3-BF4B-00C04F79EFBC}") = "GaleriaHandlowa", "GaleriaHandlowa\GaleriaHandlowa.csproj", "{2FC2EDCC-D038-4F34-8D57-C74BE7A532E5}"
EndProject
Global
	GlobalSection(SolutionConfigurationPlatforms) = preSolution
		Debug|Any CPU = Debug|Any CPU
		Release|Any CPU = Release|Any CPU
	EndGlobalSection
	GlobalSection(ProjectConfigurationPlatforms) = postSolution
		{2FC2EDCC-D038-4F34-8D57-C74BE7A532E5}.Debug|Any CPU.ActiveCfg = Debug|Any CPU
		{2FC2EDCC-D038-4F34-8D57-C74BE7A532E5}.Debug|Any CPU.Build.0 = Debug|Any CPU
		{2FC2EDCC-D038-4F34-8D57-C74BE7A532E5}.Release|Any CPU.ActiveCfg = Release|Any CPU
		{2FC2EDCC-D038-4F34-8D57-C74BE7A532E5}.Release|Any CPU.Build.0 = Release|Any CPU
	EndGlobalSection
	GlobalSection(SolutionProperties) = preSolution
		HideSolutionNode = FALSE
	EndGlobalSection
	GlobalSection(ExtensibilityGlobals) = postSolution
		SolutionGuid = {0659CF5F-4B4B-4EEB-BCB1-8CF0CB4390C6}
	EndGlobalSection
EndGlobal
